
Microsoft Visual Studio Solution File, Format Version 12.00
# Visual Studio Version 17
VisualStudioVersion = 17.4.33205.214
MinimumVisualStudioVersion = 10.0.40219.1
Project("{9A19103F-16F7-4668-BE54-9A1E7A4F7556}") = "BusinessLayer", "BusinessLayer\BusinessLayer.csproj", "{5F74192A-E70D-4B1C-9CF8-6613653FF5D2}"
EndProject
Project("{9A19103F-16F7-4668-BE54-9A1E7A4F7556}") = "DataLayer", "DataLayer\DataLayer.csproj", "{73B05645-D40F-49FD-B119-0B0A2DF1358A}"
EndProject
Project("{9A19103F-16F7-4668-BE54-9A1E7A4F7556}") = "TestingLayer", "TestingLayer\TestingLayer.csproj", "{20A1AFBB-A65A-45D2-9CD5-526AEAF9E557}"
EndProject
Project("{9A19103F-16F7-4668-BE54-9A1E7A4F7556}") = "ServiceLayer", "ServiceLayer\ServiceLayer.csproj", "{AC526A29-1982-4A0E-9BA9-16E51A216618}"
EndProject
Project("{FAE04EC0-301F-11D3-BF4B-00C04F79EFBC}") = "PresentationLayer", "PresentationLayer\PresentationLayer.csproj", "{1FCB9120-603F-45C6-8956-A5A2E0B2FD0C}"
EndProject
Global
	GlobalSection(SolutionConfigurationPlatforms) = preSolution
		Debug|Any CPU = Debug|Any CPU
		Release|Any CPU = Release|Any CPU
	EndGlobalSection
	GlobalSection(ProjectConfigurationPlatforms) = postSolution
		{5F74192A-E70D-4B1C-9CF8-6613653FF5D2}.Debug|Any CPU.ActiveCfg = Debug|Any CPU
		{5F74192A-E70D-4B1C-9CF8-6613653FF5D2}.Debug|Any CPU.Build.0 = Debug|Any CPU
		{5F74192A-E70D-4B1C-9CF8-6613653FF5D2}.Release|Any CPU.ActiveCfg = Release|Any CPU
		{5F74192A-E70D-4B1C-9CF8-6613653FF5D2}.Release|Any CPU.Build.0 = Release|Any CPU
		{73B05645-D40F-49FD-B119-0B0A2DF1358A}.Debug|Any CPU.ActiveCfg = Debug|Any CPU
		{73B05645-D40F-49FD-B119-0B0A2DF1358A}.Debug|Any CPU.Build.0 = Debug|Any CPU
		{73B05645-D40F-49FD-B119-0B0A2DF1358A}.Release|Any CPU.ActiveCfg = Release|Any CPU
		{73B05645-D40F-49FD-B119-0B0A2DF1358A}.Release|Any CPU.Build.0 = Release|Any CPU
		{20A1AFBB-A65A-45D2-9CD5-526AEAF9E557}.Debug|Any CPU.ActiveCfg = Debug|Any CPU
		{20A1AFBB-A65A-45D2-9CD5-526AEAF9E557}.Debug|Any CPU.Build.0 = Debug|Any CPU
		{20A1AFBB-A65A-45D2-9CD5-526AEAF9E557}.Release|Any CPU.ActiveCfg = Release|Any CPU
		{20A1AFBB-A65A-45D2-9CD5-526AEAF9E557}.Release|Any CPU.Build.0 = Release|Any CPU
		{AC526A29-1982-4A0E-9BA9-16E51A216618}.Debug|Any CPU.ActiveCfg = Debug|Any CPU
		{AC526A29-1982-4A0E-9BA9-16E51A216618}.Debug|Any CPU.Build.0 = Debug|Any CPU
		{AC526A29-1982-4A0E-9BA9-16E51A216618}.Release|Any CPU.ActiveCfg = Release|Any CPU
		{AC526A29-1982-4A0E-9BA9-16E51A216618}.Release|Any CPU.Build.0 = Release|Any CPU
		{1FCB9120-603F-45C6-8956-A5A2E0B2FD0C}.Debug|Any CPU.ActiveCfg = Debug|Any CPU
		{1FCB9120-603F-45C6-8956-A5A2E0B2FD0C}.Debug|Any CPU.Build.0 = Debug|Any CPU
		{1FCB9120-603F-45C6-8956-A5A2E0B2FD0C}.Release|Any CPU.ActiveCfg = Release|Any CPU
		{1FCB9120-603F-45C6-8956-A5A2E0B2FD0C}.Release|Any CPU.Build.0 = Release|Any CPU
	EndGlobalSection
	GlobalSection(SolutionProperties) = preSolution
		HideSolutionNode = FALSE
	EndGlobalSection
	GlobalSection(ExtensibilityGlobals) = postSolution
		SolutionGuid = {0D02EC73-E7AE-4395-AC21-9AA9828E47D9}
	EndGlobalSection
EndGlobal
